
Microsoft Visual Studio Solution File, Format Version 12.00
# Visual Studio 15
VisualStudioVersion = 15.0.28307.489
MinimumVisualStudioVersion = 10.0.40219.1
Project("{FAE04EC0-301F-11D3-BF4B-00C04F79EFBC}") = "09abril-Ej1-estructura", "09abril-Ej1-estructura\09abril-Ej1-estructura.csproj", "{5BE1BC3E-5BD0-4C59-928A-F9384C351AE3}"
EndProject
Project("{FAE04EC0-301F-11D3-BF4B-00C04F79EFBC}") = "24abril-Ej1-depuracion", "24abril-Ej1-depuracion\24abril-Ej1-depuracion.csproj", "{E5A4FBB4-A062-4C90-A586-1874F61880E7}"
EndProject
Global
	GlobalSection(SolutionConfigurationPlatforms) = preSolution
		Debug|Any CPU = Debug|Any CPU
		Release|Any CPU = Release|Any CPU
	EndGlobalSection
	GlobalSection(ProjectConfigurationPlatforms) = postSolution
		{5BE1BC3E-5BD0-4C59-928A-F9384C351AE3}.Debug|Any CPU.ActiveCfg = Debug|Any CPU
		{5BE1BC3E-5BD0-4C59-928A-F9384C351AE3}.Debug|Any CPU.Build.0 = Debug|Any CPU
		{5BE1BC3E-5BD0-4C59-928A-F9384C351AE3}.Release|Any CPU.ActiveCfg = Release|Any CPU
		{5BE1BC3E-5BD0-4C59-928A-F9384C351AE3}.Release|Any CPU.Build.0 = Release|Any CPU
		{E5A4FBB4-A062-4C90-A586-1874F61880E7}.Debug|Any CPU.ActiveCfg = Debug|Any CPU
		{E5A4FBB4-A062-4C90-A586-1874F61880E7}.Debug|Any CPU.Build.0 = Debug|Any CPU
		{E5A4FBB4-A062-4C90-A586-1874F61880E7}.Release|Any CPU.ActiveCfg = Release|Any CPU
		{E5A4FBB4-A062-4C90-A586-1874F61880E7}.Release|Any CPU.Build.0 = Release|Any CPU
	EndGlobalSection
	GlobalSection(SolutionProperties) = preSolution
		HideSolutionNode = FALSE
	EndGlobalSection
	GlobalSection(ExtensibilityGlobals) = postSolution
		SolutionGuid = {78484E12-82AD-4A46-B647-06B864AB38D2}
	EndGlobalSection
EndGlobal
